BITCOIN_CORE_VERSION=31.1
BITCOIN_CORE_ARCHIVE=bitcoin-31.1-x86_64-linux-gnu.tar.gz
BITCOIN_CORE_SHA256=b80d9c3e04da78fb6f0569685673418cf686fadba9042d926d13fb87ff503f9e
BITCOIN_CORE_URL=https://bitcoincore.org/bin/bitcoin-core-31.1/bitcoin-31.1-x86_64-linux-gnu.tar.gz
GUIX_ATTESTATION_REPOSITORY=bitcoin-core/guix.sigs
GUIX_ATTESTATION_PATH=31.1/fanquake/all.SHA256SUMS
GUIX_ATTESTATION_FILE_SHA=c5b2c41c53a5021242d3c4bd2a9eb61047bede1a
