# This file is automatically @generated by Cargo.
# It is not intended for manual editing.
version = 4

[[package]]
name = "gpubnb-windows-platform"
version = "0.1.0"

[[package]]
name = "gpubnb-windows-stream-helper"
version = "0.1.0"

[[package]]
name = "gpubnb-windows-worker"
version = "0.1.0"
dependencies = [
 "gpubnb-windows-platform",
 "gpubnb-windows-stream-helper",
]
